
Microsoft Visual Studio Solution File, Format Version 12.00
# Visual Studio Version 16
VisualStudioVersion = 25.0.1706.7
MinimumVisualStudioVersion = 10.0.40219.1
Project("{FAE04EC0-301F-11D3-BF4B-00C04F79EFBC}") = "my-new-app", "my-new-app.csproj", "{CC0BBB05-4EA7-4A00-806A-E99DE97BA104}"
EndProject
Global
	GlobalSection(SolutionConfigurationPlatforms) = preSolution
		Debug|Any CPU = Debug|Any CPU
		Release|Any CPU = Release|Any CPU
	EndGlobalSection
	GlobalSection(ProjectConfigurationPlatforms) = postSolution
		{CC0BBB05-4EA7-4A00-806A-E99DE97BA104}.Debug|Any CPU.ActiveCfg = Debug|Any CPU
		{CC0BBB05-4EA7-4A00-806A-E99DE97BA104}.Debug|Any CPU.Build.0 = Debug|Any CPU
		{CC0BBB05-4EA7-4A00-806A-E99DE97BA104}.Release|Any CPU.ActiveCfg = Release|Any CPU
		{CC0BBB05-4EA7-4A00-806A-E99DE97BA104}.Release|Any CPU.Build.0 = Release|Any CPU
	EndGlobalSection
	GlobalSection(SolutionProperties) = preSolution
		HideSolutionNode = FALSE
	EndGlobalSection
	GlobalSection(ExtensibilityGlobals) = postSolution
		SolutionGuid = {587CD45F-5E0D-47D2-BA9A-D2BF63F5E262}
	EndGlobalSection
EndGlobal
